
Microsoft Visual Studio Solution File, Format Version 12.00
Project("{2150E333-8FDC-42A3-9474-1A3956D46DE8}") = "Server", "Server", "{A876851A-D785-487B-9E35-FB99C35F7BE0}"
EndProject
Project("{FAE04EC0-301F-11D3-BF4B-00C04F79EFBC}") = "Entities", "Server\Entities\Entities.csproj", "{96379BAD-D417-494B-BFF1-035C56D269E9}"
EndProject
Global
	GlobalSection(SolutionConfigurationPlatforms) = preSolution
		Debug|Any CPU = Debug|Any CPU
		Release|Any CPU = Release|Any CPU
	EndGlobalSection
	GlobalSection(NestedProjects) = preSolution
		{96379BAD-D417-494B-BFF1-035C56D269E9} = {A876851A-D785-487B-9E35-FB99C35F7BE0}
	EndGlobalSection
	GlobalSection(ProjectConfigurationPlatforms) = postSolution
		{96379BAD-D417-494B-BFF1-035C56D269E9}.Debug|Any CPU.ActiveCfg = Debug|Any CPU
		{96379BAD-D417-494B-BFF1-035C56D269E9}.Debug|Any CPU.Build.0 = Debug|Any CPU
		{96379BAD-D417-494B-BFF1-035C56D269E9}.Release|Any CPU.ActiveCfg = Release|Any CPU
		{96379BAD-D417-494B-BFF1-035C56D269E9}.Release|Any CPU.Build.0 = Release|Any CPU
	EndGlobalSection
EndGlobal
